// !$*UTF8*$!
{
	archiveVersion = 1;
	classes = {
	};
	objectVersion = 48;
	objects = {

/* Begin PBXBuildFile section */
		459CE9B92EF80DE99F8E0AAC /* Pods_ChatApp.framework in Frameworks */ = {isa = PBXBuildFile; fileRef = E31B51E1D4C4DC8CE06A2D4E /* Pods_ChatApp.framework */; };
		C73ED8E51FAC570E0054DA7C /* Podfile in Resources */ = {isa = PBXBuildFile; fileRef = C73ED8E41FAC570E0054DA7C /* Podfile */; };
		C73ED8E61FAC66600054DA7C /* SwiftyJSON.framework in Frameworks */ = {isa = PBXBuildFile; fileRef = C73ED8E71FAC66600054DA7C /* SwiftyJSON.framework */; };
		C73ED8EC1FAD57380054DA7C /* ChatsTableViewController.swift in Sources */ = {isa = PBXBuildFile; fileRef = C73ED8EB1FAD57380054DA7C /* ChatsTableViewController.swift */; };
		C7BCEC051FA51C6A005B21DE /* AppDelegate.swift in Sources */ = {isa = PBXBuildFile; fileRef = C7BCEC041FA51C6A005B21DE /* AppDelegate.swift */; };
		C7BCEC071FA51C6A005B21DE /* ViewController.swift in Sources */ = {isa = PBXBuildFile; fileRef = C7BCEC061FA51C6A005B21DE /* ViewController.swift */; };
		C7BCEC0A1FA51C6A005B21DE /* Main.storyboard in Resources */ = {isa = PBXBuildFile; fileRef = C7BCEC081FA51C6A005B21DE /* Main.storyboard */; };
		C7BCEC0D1FA51C6A005B21DE /* ChatApp.xcdatamodeld in Sources */ = {isa = PBXBuildFile; fileRef = C7BCEC0B1FA51C6A005B21DE /* ChatApp.xcdatamodeld */; };
		C7BCEC0F1FA51C6A005B21DE /* Assets.xcassets in Resources */ = {isa = PBXBuildFile; fileRef = C7BCEC0E1FA51C6A005B21DE /* Assets.xcassets */; };
		C7BCEC121FA51C6A005B21DE /* LaunchScreen.storyboard in Resources */ = {isa = PBXBuildFile; fileRef = C7BCEC101FA51C6A005B21DE /* LaunchScreen.storyboard */; };
		C7BCEC1D1FA51C6A005B21DE /* ChatAppTests.swift in Sources */ = {isa = PBXBuildFile; fileRef = C7BCEC1C1FA51C6A005B21DE /* ChatAppTests.swift */; };
		C7BCEC281FA51C6A005B21DE /* ChatAppUITests.swift in Sources */ = {isa = PBXBuildFile; fileRef = C7BCEC271FA51C6A005B21DE /* ChatAppUITests.swift */; };
		C7BCEC361FA556E3005B21DE /* ChatViewController.swift in Sources */ = {isa = PBXBuildFile; fileRef = C7BCEC351FA556E3005B21DE /* ChatViewController.swift */; };
		C7D1351A1FA7F00B0004D89C /* SignUpViewController.swift in Sources */ = {isa = PBXBuildFile; fileRef = C7D135191FA7F00B0004D89C /* SignUpViewController.swift */; };
		C7D1351C1FA7F0430004D89C /* SignInViewController.swift in Sources */ = {isa = PBXBuildFile; fileRef = C7D1351B1FA7F0430004D89C /* SignInViewController.swift */; };
		C7F51F7020527901001435C9 /* messagesViewController.swift in Sources */ = {isa = PBXBuildFile; fileRef = C7F51F6F20527901001435C9 /* messagesViewController.swift */; };
/* End PBXBuildFile section */

/* Begin PBXContainerItemProxy section */
		C7BCEC191FA51C6A005B21DE /* PBXContainerItemProxy */ = {
			isa = PBXContainerItemProxy;
			containerPortal = C7BCEBF91FA51C69005B21DE /* Project object */;
			proxyType = 1;
			remoteGlobalIDString = C7BCEC001FA51C6A005B21DE;
			remoteInfo = ChatApp;
		};
		C7BCEC241FA51C6A005B21DE /* PBXContainerItemProxy */ = {
			isa = PBXContainerItemProxy;
			containerPortal = C7BCEBF91FA51C69005B21DE /* Project object */;
			proxyType = 1;
			remoteGlobalIDString = C7BCEC001FA51C6A005B21DE;
			remoteInfo = ChatApp;
		};
/* End PBXContainerItemProxy section */

/* Begin PBXFileReference section */
		0D97ED167711B834525977BF /* Pods-ChatApp.release.xcconfig */ = {isa = PBXFileReference; includeInIndex = 1; lastKnownFileType = text.xcconfig; name = "Pods-ChatApp.release.xcconfig"; path = "Pods/Target Support Files/Pods-ChatApp/Pods-ChatApp.release.xcconfig"; sourceTree = "<group>"; };
		7077CC45C0767009E770D9B9 /* Pods-ChatApp.debug.xcconfig */ = {isa = PBXFileReference; includeInIndex = 1; lastKnownFileType = text.xcconfig; name = "Pods-ChatApp.debug.xcconfig"; path = "Pods/Target Support Files/Pods-ChatApp/Pods-ChatApp.debug.xcconfig"; sourceTree = "<group>"; };
		C73ED8E41FAC570E0054DA7C /* Podfile */ = {isa = PBXFileReference; lastKnownFileType = text; path = Podfile; sourceTree = "<group>"; xcLanguageSpecificationIdentifier = xcode.lang.ruby; };
		C73ED8E71FAC66600054DA7C /* SwiftyJSON.framework */ = {isa = PBXFileReference; explicitFileType = wrapper.framework; path = SwiftyJSON.framework; sourceTree = BUILT_PRODUCTS_DIR; };
		C73ED8EB1FAD57380054DA7C /* ChatsTableViewController.swift */ = {isa = PBXFileReference; lastKnownFileType = sourcecode.swift; path = ChatsTableViewController.swift; sourceTree = "<group>"; };
		C7BCEC011FA51C6A005B21DE /* ChatApp.app */ = {isa = PBXFileReference; explicitFileType = wrapper.application; includeInIndex = 0; path = ChatApp.app; sourceTree = BUILT_PRODUCTS_DIR; };
		C7BCEC041FA51C6A005B21DE /* AppDelegate.swift */ = {isa = PBXFileReference; lastKnownFileType = sourcecode.swift; path = AppDelegate.swift; sourceTree = "<group>"; };
		C7BCEC061FA51C6A005B21DE /* ViewController.swift */ = {isa = PBXFileReference; lastKnownFileType = sourcecode.swift; path = ViewController.swift; sourceTree = "<group>"; };
		C7BCEC091FA51C6A005B21DE /* Base */ = {isa = PBXFileReference; lastKnownFileType = file.storyboard; name = Base; path = Base.lproj/Main.storyboard; sourceTree = "<group>"; };
		C7BCEC0C1FA51C6A005B21DE /* ChatApp.xcdatamodel */ = {isa = PBXFileReference; lastKnownFileType = wrapper.xcdatamodel; path = ChatApp.xcdatamodel; sourceTree = "<group>"; };
		C7BCEC0E1FA51C6A005B21DE /* Assets.xcassets */ = {isa = PBXFileReference; lastKnownFileType = folder.assetcatalog; path = Assets.xcassets; sourceTree = "<group>"; };
		C7BCEC111FA51C6A005B21DE /* Base */ = {isa = PBXFileReference; lastKnownFileType = file.storyboard; name = Base; path = Base.lproj/LaunchScreen.storyboard; sourceTree = "<group>"; };
		C7BCEC131FA51C6A005B21DE /* Info.plist */ = {isa = PBXFileReference; lastKnownFileType = text.plist.xml; path = Info.plist; sourceTree = "<group>"; };
		C7BCEC181FA51C6A005B21DE /* ChatAppTests.xctest */ = {isa = PBXFileReference; explicitFileType = wrapper.cfbundle; includeInIndex = 0; path = ChatAppTests.xctest; sourceTree = BUILT_PRODUCTS_DIR; };
		C7BCEC1C1FA51C6A005B21DE /* ChatAppTests.swift */ = {isa = PBXFileReference; lastKnownFileType = sourcecode.swift; path = ChatAppTests.swift; sourceTree = "<group>"; };
		C7BCEC1E1FA51C6A005B21DE /* Info.plist */ = {isa = PBXFileReference; lastKnownFileType = text.plist.xml; path = Info.plist; sourceTree = "<group>"; };
		C7BCEC231FA51C6A005B21DE /* ChatAppUITests.xctest */ = {isa = PBXFileReference; explicitFileType = wrapper.cfbundle; includeInIndex = 0; path = ChatAppUITests.xctest; sourceTree = BUILT_PRODUCTS_DIR; };
		C7BCEC271FA51C6A005B21DE /* ChatAppUITests.swift */ = {isa = PBXFileReference; lastKnownFileType = sourcecode.swift; path = ChatAppUITests.swift; sourceTree = "<group>"; };
		C7BCEC291FA51C6A005B21DE /* Info.plist */ = {isa = PBXFileReference; lastKnownFileType = text.plist.xml; path = Info.plist; sourceTree = "<group>"; };
		C7BCEC351FA556E3005B21DE /* ChatViewController.swift */ = {isa = PBXFileReference; lastKnownFileType = sourcecode.swift; path = ChatViewController.swift; sourceTree = "<group>"; };
		C7D135191FA7F00B0004D89C /* SignUpViewController.swift */ = {isa = PBXFileReference; lastKnownFileType = sourcecode.swift; path = SignUpViewController.swift; sourceTree = "<group>"; };
		C7D1351B1FA7F0430004D89C /* SignInViewController.swift */ = {isa = PBXFileReference; lastKnownFileType = sourcecode.swift; path = SignInViewController.swift; sourceTree = "<group>"; };
		C7F51F6F20527901001435C9 /* messagesViewController.swift */ = {isa = PBXFileReference; lastKnownFileType = sourcecode.swift; path = messagesViewController.swift; sourceTree = "<group>"; };
		E31B51E1D4C4DC8CE06A2D4E /* Pods_ChatApp.framework */ = {isa = PBXFileReference; explicitFileType = wrapper.framework; includeInIndex = 0; path = Pods_ChatApp.framework; sourceTree = BUILT_PRODUCTS_DIR; };
/* End PBXFileReference section */

/* Begin PBXFrameworksBuildPhase section */
		C7BCEBFE1FA51C6A005B21DE /* Frameworks */ = {
			isa = PBXFrameworksBuildPhase;
			buildActionMask = 2147483647;
			files = (
				C73ED8E61FAC66600054DA7C /* SwiftyJSON.framework in Frameworks */,
				459CE9B92EF80DE99F8E0AAC /* Pods_ChatApp.framework in Frameworks */,
			);
			runOnlyForDeploymentPostprocessing = 0;
		};
		C7BCEC151FA51C6A005B21DE /* Frameworks */ = {
			isa = PBXFrameworksBuildPhase;
			buildActionMask = 2147483647;
			files = (
			);
			runOnlyForDeploymentPostprocessing = 0;
		};
		C7BCEC201FA51C6A005B21DE /* Frameworks */ = {
			isa = PBXFrameworksBuildPhase;
			buildActionMask = 2147483647;
			files = (
			);
			runOnlyForDeploymentPostprocessing = 0;
		};
/* End PBXFrameworksBuildPhase section */

/* Begin PBXGroup section */
		4B8F3CCFD950A946B8BA599F /* Frameworks */ = {
			isa = PBXGroup;
			children = (
				C73ED8E71FAC66600054DA7C /* SwiftyJSON.framework */,
				E31B51E1D4C4DC8CE06A2D4E /* Pods_ChatApp.framework */,
			);
			name = Frameworks;
			sourceTree = "<group>";
		};
		A360D629722CBBEEFDCB166C /* Pods */ = {
			isa = PBXGroup;
			children = (
				7077CC45C0767009E770D9B9 /* Pods-ChatApp.debug.xcconfig */,
				0D97ED167711B834525977BF /* Pods-ChatApp.release.xcconfig */,
			);
			name = Pods;
			sourceTree = "<group>";
		};
		C7BCEBF81FA51C69005B21DE = {
			isa = PBXGroup;
			children = (
				C73ED8E41FAC570E0054DA7C /* Podfile */,
				C7BCEC031FA51C6A005B21DE /* ChatApp */,
				C7BCEC1B1FA51C6A005B21DE /* ChatAppTests */,
				C7BCEC261FA51C6A005B21DE /* ChatAppUITests */,
				C7BCEC021FA51C6A005B21DE /* Products */,
				A360D629722CBBEEFDCB166C /* Pods */,
				4B8F3CCFD950A946B8BA599F /* Frameworks */,
			);
			sourceTree = "<group>";
		};
		C7BCEC021FA51C6A005B21DE /* Products */ = {
			isa = PBXGroup;
			children = (
				C7BCEC011FA51C6A005B21DE /* ChatApp.app */,
				C7BCEC181FA51C6A005B21DE /* ChatAppTests.xctest */,
				C7BCEC231FA51C6A005B21DE /* ChatAppUITests.xctest */,
			);
			name = Products;
			sourceTree = "<group>";
		};
		C7BCEC031FA51C6A005B21DE /* ChatApp */ = {
			isa = PBXGroup;
			children = (
				C7BCEC041FA51C6A005B21DE /* AppDelegate.swift */,
				C7BCEC061FA51C6A005B21DE /* ViewController.swift */,
				C7BCEC081FA51C6A005B21DE /* Main.storyboard */,
				C7BCEC0E1FA51C6A005B21DE /* Assets.xcassets */,
				C7BCEC101FA51C6A005B21DE /* LaunchScreen.storyboard */,
				C7BCEC131FA51C6A005B21DE /* Info.plist */,
				C7BCEC0B1FA51C6A005B21DE /* ChatApp.xcdatamodeld */,
				C7BCEC351FA556E3005B21DE /* ChatViewController.swift */,
				C7D135191FA7F00B0004D89C /* SignUpViewController.swift */,
				C7D1351B1FA7F0430004D89C /* SignInViewController.swift */,
				C73ED8EB1FAD57380054DA7C /* ChatsTableViewController.swift */,
				C7F51F6F20527901001435C9 /* messagesViewController.swift */,
			);
			path = ChatApp;
			sourceTree = "<group>";
		};
		C7BCEC1B1FA51C6A005B21DE /* ChatAppTests */ = {
			isa = PBXGroup;
			children = (
				C7BCEC1C1FA51C6A005B21DE /* ChatAppTests.swift */,
				C7BCEC1E1FA51C6A005B21DE /* Info.plist */,
			);
			path = ChatAppTests;
			sourceTree = "<group>";
		};
		C7BCEC261FA51C6A005B21DE /* ChatAppUITests */ = {
			isa = PBXGroup;
			children = (
				C7BCEC271FA51C6A005B21DE /* ChatAppUITests.swift */,
				C7BCEC291FA51C6A005B21DE /* Info.plist */,
			);
			path = ChatAppUITests;
			sourceTree = "<group>";
		};
/* End PBXGroup section */

/* Begin PBXNativeTarget section */
		C7BCEC001FA51C6A005B21DE /* ChatApp */ = {
			isa = PBXNativeTarget;
			buildConfigurationList = C7BCEC2C1FA51C6A005B21DE /* Build configuration list for PBXNativeTarget "ChatApp" */;
			buildPhases = (
				E0EB02688D22D4FF4EE4869D /* [CP] Check Pods Manifest.lock */,
				C7BCEBFD1FA51C6A005B21DE /* Sources */,
				C7BCEBFE1FA51C6A005B21DE /* Frameworks */,
				C7BCEBFF1FA51C6A005B21DE /* Resources */,
				843DB299D751E48FFBF7070D /* [CP] Embed Pods Frameworks */,
				907C9E1569C1EE8563ACDC04 /* [CP] Copy Pods Resources */,
			);
			buildRules = (
			);
			dependencies = (
			);
			name = ChatApp;
			productName = ChatApp;
			productReference = C7BCEC011FA51C6A005B21DE /* ChatApp.app */;
			productType = "com.apple.product-type.application";
		};
		C7BCEC171FA51C6A005B21DE /* ChatAppTests */ = {
			isa = PBXNativeTarget;
			buildConfigurationList = C7BCEC2F1FA51C6A005B21DE /* Build configuration list for PBXNativeTarget "ChatAppTests" */;
			buildPhases = (
				C7BCEC141FA51C6A005B21DE /* Sources */,
				C7BCEC151FA51C6A005B21DE /* Frameworks */,
				C7BCEC161FA51C6A005B21DE /* Resources */,
			);
			buildRules = (
			);
			dependencies = (
				C7BCEC1A1FA51C6A005B21DE /* PBXTargetDependency */,
			);
			name = ChatAppTests;
			productName = ChatAppTests;
			productReference = C7BCEC181FA51C6A005B21DE /* ChatAppTests.xctest */;
			productType = "com.apple.product-type.bundle.unit-test";
		};
		C7BCEC221FA51C6A005B21DE /* ChatAppUITests */ = {
			isa = PBXNativeTarget;
			buildConfigurationList = C7BCEC321FA51C6A005B21DE /* Build configuration list for PBXNativeTarget "ChatAppUITests" */;
			buildPhases = (
				C7BCEC1F1FA51C6A005B21DE /* Sources */,
				C7BCEC201FA51C6A005B21DE /* Frameworks */,
				C7BCEC211FA51C6A005B21DE /* Resources */,
			);
			buildRules = (
			);
			dependencies = (
				C7BCEC251FA51C6A005B21DE /* PBXTargetDependency */,
			);
			name = ChatAppUITests;
			productName = ChatAppUITests;
			productReference = C7BCEC231FA51C6A005B21DE /* ChatAppUITests.xctest */;
			productType = "com.apple.product-type.bundle.ui-testing";
		};
/* End PBXNativeTarget section */

/* Begin PBXProject section */
		C7BCEBF91FA51C69005B21DE /* Project object */ = {
			isa = PBXProject;
			attributes = {
				LastSwiftUpdateCheck = 0900;
				LastUpgradeCheck = 0900;
				ORGANIZATIONNAME = "crank llc";
				TargetAttributes = {
					C7BCEC001FA51C6A005B21DE = {
						CreatedOnToolsVersion = 9.0;
						ProvisioningStyle = Automatic;
					};
					C7BCEC171FA51C6A005B21DE = {
						CreatedOnToolsVersion = 9.0;
						ProvisioningStyle = Automatic;
						TestTargetID = C7BCEC001FA51C6A005B21DE;
					};
					C7BCEC221FA51C6A005B21DE = {
						CreatedOnToolsVersion = 9.0;
						ProvisioningStyle = Automatic;
						TestTargetID = C7BCEC001FA51C6A005B21DE;
					};
				};
			};
			buildConfigurationList = C7BCEBFC1FA51C69005B21DE /* Build configuration list for PBXProject "ChatApp" */;
			compatibilityVersion = "Xcode 8.0";
			developmentRegion = en;
			hasScannedForEncodings = 0;
			knownRegions = (
				en,
				Base,
			);
			mainGroup = C7BCEBF81FA51C69005B21DE;
			productRefGroup = C7BCEC021FA51C6A005B21DE /* Products */;
			projectDirPath = "";
			projectRoot = "";
			targets = (
				C7BCEC001FA51C6A005B21DE /* ChatApp */,
				C7BCEC171FA51C6A005B21DE /* ChatAppTests */,
				C7BCEC221FA51C6A005B21DE /* ChatAppUITests */,
			);
		};
/* End PBXProject section */

/* Begin PBXResourcesBuildPhase section */
		C7BCEBFF1FA51C6A005B21DE /* Resources */ = {
			isa = PBXResourcesBuildPhase;
			buildActionMask = 2147483647;
			files = (
				C7BCEC121FA51C6A005B21DE /* LaunchScreen.storyboard in Resources */,
				C7BCEC0F1FA51C6A005B21DE /* Assets.xcassets in Resources */,
				C73ED8E51FAC570E0054DA7C /* Podfile in Resources */,
				C7BCEC0A1FA51C6A005B21DE /* Main.storyboard in Resources */,
			);
			runOnlyForDeploymentPostprocessing = 0;
		};
		C7BCEC161FA51C6A005B21DE /* Resources */ = {
			isa = PBXResourcesBuildPhase;
			buildActionMask = 2147483647;
			files = (
			);
			runOnlyForDeploymentPostprocessing = 0;
		};
		C7BCEC211FA51C6A005B21DE /* Resources */ = {
			isa = PBXResourcesBuildPhase;
			buildActionMask = 2147483647;
			files = (
			);
			runOnlyForDeploymentPostprocessing = 0;
		};
/* End PBXResourcesBuildPhase section */

/* Begin PBXShellScriptBuildPhase section */
		843DB299D751E48FFBF7070D /* [CP] Embed Pods Frameworks */ = {
			isa = PBXShellScriptBuildPhase;
			buildActionMask = 2147483647;
			files = (
			);
			inputPaths = (
				"${SRCROOT}/Pods/Target Support Files/Pods-ChatApp/Pods-ChatApp-frameworks.sh",
				"${BUILT_PRODUCTS_DIR}/Socket.IO-Client-Swift/SocketIO.framework",
				"${BUILT_PRODUCTS_DIR}/Starscream/Starscream.framework",
				"${BUILT_PRODUCTS_DIR}/SwiftyJSON/SwiftyJSON.framework",
			);
			name = "[CP] Embed Pods Frameworks";
			outputPaths = (
				"${TARGET_BUILD_DIR}/${FRAMEWORKS_FOLDER_PATH}/SocketIO.framework",
				"${TARGET_BUILD_DIR}/${FRAMEWORKS_FOLDER_PATH}/Starscream.framework",
				"${TARGET_BUILD_DIR}/${FRAMEWORKS_FOLDER_PATH}/SwiftyJSON.framework",
			);
			runOnlyForDeploymentPostprocessing = 0;
			shellPath = /bin/sh;
			shellScript = "\"${SRCROOT}/Pods/Target Support Files/Pods-ChatApp/Pods-ChatApp-frameworks.sh\"\n";
			showEnvVarsInLog = 0;
		};
		907C9E1569C1EE8563ACDC04 /* [CP] Copy Pods Resources */ = {
			isa = PBXShellScriptBuildPhase;
			buildActionMask = 2147483647;
			files = (
			);
			inputPaths = (
			);
			name = "[CP] Copy Pods Resources";
			outputPaths = (
			);
			runOnlyForDeploymentPostprocessing = 0;
			shellPath = /bin/sh;
			shellScript = "\"${SRCROOT}/Pods/Target Support Files/Pods-ChatApp/Pods-ChatApp-resources.sh\"\n";
			showEnvVarsInLog = 0;
		};
		E0EB02688D22D4FF4EE4869D /* [CP] Check Pods Manifest.lock */ = {
			isa = PBXShellScriptBuildPhase;
			buildActionMask = 2147483647;
			files = (
			);
			inputPaths = (
				"${PODS_PODFILE_DIR_PATH}/Podfile.lock",
				"${PODS_ROOT}/Manifest.lock",
			);
			name = "[CP] Check Pods Manifest.lock";
			outputPaths = (
				"$(DERIVED_FILE_DIR)/Pods-ChatApp-checkManifestLockResult.txt",
			);
			runOnlyForDeploymentPostprocessing = 0;
			shellPath = /bin/sh;
			shellScript = "diff \"${PODS_PODFILE_DIR_PATH}/Podfile.lock\" \"${PODS_ROOT}/Manifest.lock\" > /dev/null\nif [ $? != 0 ] ; then\n    # print error to STDERR\n    echo \"error: The sandbox is not in sync with the Podfile.lock. Run 'pod install' or update your CocoaPods installation.\" >&2\n    exit 1\nfi\n# This output is used by Xcode 'outputs' to avoid re-running this script phase.\necho \"SUCCESS\" > \"${SCRIPT_OUTPUT_FILE_0}\"\n";
			showEnvVarsInLog = 0;
		};
/* End PBXShellScriptBuildPhase section */

/* Begin PBXSourcesBuildPhase section */
		C7BCEBFD1FA51C6A005B21DE /* Sources */ = {
			isa = PBXSourcesBuildPhase;
			buildActionMask = 2147483647;
			files = (
				C7BCEC0D1FA51C6A005B21DE /* ChatApp.xcdatamodeld in Sources */,
				C7BCEC071FA51C6A005B21DE /* ViewController.swift in Sources */,
				C7D1351C1FA7F0430004D89C /* SignInViewController.swift in Sources */,
				C7BCEC361FA556E3005B21DE /* ChatViewController.swift in Sources */,
				C7BCEC051FA51C6A005B21DE /* AppDelegate.swift in Sources */,
				C7D1351A1FA7F00B0004D89C /* SignUpViewController.swift in Sources */,
				C7F51F7020527901001435C9 /* messagesViewController.swift in Sources */,
				C73ED8EC1FAD57380054DA7C /* ChatsTableViewController.swift in Sources */,
			);
			runOnlyForDeploymentPostprocessing = 0;
		};
		C7BCEC141FA51C6A005B21DE /* Sources */ = {
			isa = PBXSourcesBuildPhase;
			buildActionMask = 2147483647;
			files = (
				C7BCEC1D1FA51C6A005B21DE /* ChatAppTests.swift in Sources */,
			);
			runOnlyForDeploymentPostprocessing = 0;
		};
		C7BCEC1F1FA51C6A005B21DE /* Sources */ = {
			isa = PBXSourcesBuildPhase;
			buildActionMask = 2147483647;
			files = (
				C7BCEC281FA51C6A005B21DE /* ChatAppUITests.swift in Sources */,
			);
			runOnlyForDeploymentPostprocessing = 0;
		};
/* End PBXSourcesBuildPhase section */

/* Begin PBXTargetDependency section */
		C7BCEC1A1FA51C6A005B21DE /* PBXTargetDependency */ = {
			isa = PBXTargetDependency;
			target = C7BCEC001FA51C6A005B21DE /* ChatApp */;
			targetProxy = C7BCEC191FA51C6A005B21DE /* PBXContainerItemProxy */;
		};
		C7BCEC251FA51C6A005B21DE /* PBXTargetDependency */ = {
			isa = PBXTargetDependency;
			target = C7BCEC001FA51C6A005B21DE /* ChatApp */;
			targetProxy = C7BCEC241FA51C6A005B21DE /* PBXContainerItemProxy */;
		};
/* End PBXTargetDependency section */

/* Begin PBXVariantGroup section */
		C7BCEC081FA51C6A005B21DE /* Main.storyboard */ = {
			isa = PBXVariantGroup;
			children = (
				C7BCEC091FA51C6A005B21DE /* Base */,
			);
			name = Main.storyboard;
			sourceTree = "<group>";
		};
		C7BCEC101FA51C6A005B21DE /* LaunchScreen.storyboard */ = {
			isa = PBXVariantGroup;
			children = (
				C7BCEC111FA51C6A005B21DE /* Base */,
			);
			name = LaunchScreen.storyboard;
			sourceTree = "<group>";
		};
/* End PBXVariantGroup section */

/* Begin XCBuildConfiguration section */
		C7BCEC2A1FA51C6A005B21DE /* Debug */ = {
			isa = XCBuildConfiguration;
			buildSettings = {
				ALWAYS_SEARCH_USER_PATHS = NO;
				CLANG_ANALYZER_NONNULL = YES;
				CLANG_ANALYZER_NUMBER_OBJECT_CONVERSION = YES_AGGRESSIVE;
				CLANG_CXX_LANGUAGE_STANDARD = "gnu++14";
				CLANG_CXX_LIBRARY = "libc++";
				CLANG_ENABLE_MODULES = YES;
				CLANG_ENABLE_OBJC_ARC = YES;
				CLANG_WARN_BLOCK_CAPTURE_AUTORELEASING = YES;
				CLANG_WARN_BOOL_CONVERSION = YES;
				CLANG_WARN_COMMA = YES;
				CLANG_WARN_CONSTANT_CONVERSION = YES;
				CLANG_WARN_DIRECT_OBJC_ISA_USAGE = YES_ERROR;
				CLANG_WARN_DOCUMENTATION_COMMENTS = YES;
				CLANG_WARN_EMPTY_BODY = YES;
				CLANG_WARN_ENUM_CONVERSION = YES;
				CLANG_WARN_INFINITE_RECURSION = YES;
				CLANG_WARN_INT_CONVERSION = YES;
				CLANG_WARN_NON_LITERAL_NULL_CONVERSION = YES;
				CLANG_WARN_OBJC_LITERAL_CONVERSION = YES;
				CLANG_WARN_OBJC_ROOT_CLASS = YES_ERROR;
				CLANG_WARN_RANGE_LOOP_ANALYSIS = YES;
				CLANG_WARN_STRICT_PROTOTYPES = YES;
				CLANG_WARN_SUSPICIOUS_MOVE = YES;
				CLANG_WARN_UNGUARDED_AVAILABILITY = YES_AGGRESSIVE;
				CLANG_WARN_UNREACHABLE_CODE = YES;
				CLANG_WARN__DUPLICATE_METHOD_MATCH = YES;
				CODE_SIGN_IDENTITY = "iPhone Developer";
				COPY_PHASE_STRIP = NO;
				DEBUG_INFORMATION_FORMAT = dwarf;
				ENABLE_STRICT_OBJC_MSGSEND = YES;
				ENABLE_TESTABILITY = YES;
				GCC_C_LANGUAGE_STANDARD = gnu11;
				GCC_DYNAMIC_NO_PIC = NO;
				GCC_NO_COMMON_BLOCKS = YES;
				GCC_OPTIMIZATION_LEVEL = 0;
				GCC_PREPROCESSOR_DEFINITIONS = (
					"DEBUG=1",
					"$(inherited)",
				);
				GCC_WARN_64_TO_32_BIT_CONVERSION = YES;
				GCC_WARN_ABOUT_RETURN_TYPE = YES_ERROR;
				GCC_WARN_UNDECLARED_SELECTOR = YES;
				GCC_WARN_UNINITIALIZED_AUTOS = YES_AGGRESSIVE;
				GCC_WARN_UNUSED_FUNCTION = YES;
				GCC_WARN_UNUSED_VARIABLE = YES;
				IPHONEOS_DEPLOYMENT_TARGET = 11.0;
				MTL_ENABLE_DEBUG_INFO = YES;
				ONLY_ACTIVE_ARCH = YES;
				SDKROOT = iphoneos;
				SWIFT_ACTIVE_COMPILATION_CONDITIONS = DEBUG;
				SWIFT_OPTIMIZATION_LEVEL = "-Onone";
			};
			name = Debug;
		};
		C7BCEC2B1FA51C6A005B21DE /* Release */ = {
			isa = XCBuildConfiguration;
			buildSettings = {
				ALWAYS_SEARCH_USER_PATHS = NO;
				CLANG_ANALYZER_NONNULL = YES;
				CLANG_ANALYZER_NUMBER_OBJECT_CONVERSION = YES_AGGRESSIVE;
				CLANG_CXX_LANGUAGE_STANDARD = "gnu++14";
				CLANG_CXX_LIBRARY = "libc++";
				CLANG_ENABLE_MODULES = YES;
				CLANG_ENABLE_OBJC_ARC = YES;
				CLANG_WARN_BLOCK_CAPTURE_AUTORELEASING = YES;
				CLANG_WARN_BOOL_CONVERSION = YES;
				CLANG_WARN_COMMA = YES;
				CLANG_WARN_CONSTANT_CONVERSION = YES;
				CLANG_WARN_DIRECT_OBJC_ISA_USAGE = YES_ERROR;
				CLANG_WARN_DOCUMENTATION_COMMENTS = YES;
				CLANG_WARN_EMPTY_BODY = YES;
				CLANG_WARN_ENUM_CONVERSION = YES;
				CLANG_WARN_INFINITE_RECURSION = YES;
				CLANG_WARN_INT_CONVERSION = YES;
				CLANG_WARN_NON_LITERAL_NULL_CONVERSION = YES;
				CLANG_WARN_OBJC_LITERAL_CONVERSION = YES;
				CLANG_WARN_OBJC_ROOT_CLASS = YES_ERROR;
				CLANG_WARN_RANGE_LOOP_ANALYSIS = YES;
				CLANG_WARN_STRICT_PROTOTYPES = YES;
				CLANG_WARN_SUSPICIOUS_MOVE = YES;
				CLANG_WARN_UNGUARDED_AVAILABILITY = YES_AGGRESSIVE;
				CLANG_WARN_UNREACHABLE_CODE = YES;
				CLANG_WARN__DUPLICATE_METHOD_MATCH = YES;
				CODE_SIGN_IDENTITY = "iPhone Developer";
				COPY_PHASE_STRIP = NO;
				DEBUG_INFORMATION_FORMAT = "dwarf-with-dsym";
				ENABLE_NS_ASSERTIONS = NO;
				ENABLE_STRICT_OBJC_MSGSEND = YES;
				GCC_C_LANGUAGE_STANDARD = gnu11;
				GCC_NO_COMMON_BLOCKS = YES;
				GCC_WARN_64_TO_32_BIT_CONVERSION = YES;
				GCC_WARN_ABOUT_RETURN_TYPE = YES_ERROR;
				GCC_WARN_UNDECLARED_SELECTOR = YES;
				GCC_WARN_UNINITIALIZED_AUTOS = YES_AGGRESSIVE;
				GCC_WARN_UNUSED_FUNCTION = YES;
				GCC_WARN_UNUSED_VARIABLE = YES;
				IPHONEOS_DEPLOYMENT_TARGET = 11.0;
				MTL_ENABLE_DEBUG_INFO = NO;
				SDKROOT = iphoneos;
				SWIFT_OPTIMIZATION_LEVEL = "-Owholemodule";
				VALIDATE_PRODUCT = YES;
			};
			name = Release;
		};
		C7BCEC2D1FA51C6A005B21DE /* Debug */ = {
			isa = XCBuildConfiguration;
			baseConfigurationReference = 7077CC45C0767009E770D9B9 /* Pods-ChatApp.debug.xcconfig */;
			buildSettings = {
				ASSETCATALOG_COMPILER_APPICON_NAME = AppIcon;
				CODE_SIGN_STYLE = Automatic;
				DEVELOPMENT_TEAM = 825A6Q5Z2E;
				INFOPLIST_FILE = ChatApp/Info.plist;
				LD_RUNPATH_SEARCH_PATHS = "$(inherited) @executable_path/Frameworks";
				PRODUCT_BUNDLE_IDENTIFIER = "crank-llc.ChatApp";
				PRODUCT_NAME = "$(TARGET_NAME)";
				SWIFT_VERSION = 4.0;
				TARGETED_DEVICE_FAMILY = "1,2";
			};
			name = Debug;
		};
		C7BCEC2E1FA51C6A005B21DE /* Release */ = {
			isa = XCBuildConfiguration;
			baseConfigurationReference = 0D97ED167711B834525977BF /* Pods-ChatApp.release.xcconfig */;
			buildSettings = {
				ASSETCATALOG_COMPILER_APPICON_NAME = AppIcon;
				CODE_SIGN_STYLE = Automatic;
				DEVELOPMENT_TEAM = 825A6Q5Z2E;
				INFOPLIST_FILE = ChatApp/Info.plist;
				LD_RUNPATH_SEARCH_PATHS = "$(inherited) @executable_path/Frameworks";
				PRODUCT_BUNDLE_IDENTIFIER = "crank-llc.ChatApp";
				PRODUCT_NAME = "$(TARGET_NAME)";
				SWIFT_VERSION = 4.0;
				TARGETED_DEVICE_FAMILY = "1,2";
			};
			name = Release;
		};
		C7BCEC301FA51C6A005B21DE /* Debug */ = {
			isa = XCBuildConfiguration;
			buildSettings = {
				ALWAYS_EMBED_SWIFT_STANDARD_LIBRARIES = YES;
				BUNDLE_LOADER = "$(TEST_HOST)";
				CODE_SIGN_STYLE = Automatic;
				DEVELOPMENT_TEAM = 825A6Q5Z2E;
				INFOPLIST_FILE = ChatAppTests/Info.plist;
				LD_RUNPATH_SEARCH_PATHS = "$(inherited) @executable_path/Frameworks @loader_path/Frameworks";
				PRODUCT_BUNDLE_IDENTIFIER = "crank-llc.ChatAppTests";
				PRODUCT_NAME = "$(TARGET_NAME)";
				SWIFT_VERSION = 4.0;
				TARGETED_DEVICE_FAMILY = "1,2";
				TEST_HOST = "$(BUILT_PRODUCTS_DIR)/ChatApp.app/ChatApp";
			};
			name = Debug;
		};
		C7BCEC311FA51C6A005B21DE /* Release */ = {
			isa = XCBuildConfiguration;
			buildSettings = {
				ALWAYS_EMBED_SWIFT_STANDARD_LIBRARIES = YES;
				BUNDLE_LOADER = "$(TEST_HOST)";
				CODE_SIGN_STYLE = Automatic;
				DEVELOPMENT_TEAM = 825A6Q5Z2E;
				INFOPLIST_FILE = ChatAppTests/Info.plist;
				LD_RUNPATH_SEARCH_PATHS = "$(inherited) @executable_path/Frameworks @loader_path/Frameworks";
				PRODUCT_BUNDLE_IDENTIFIER = "crank-llc.ChatAppTests";
				PRODUCT_NAME = "$(TARGET_NAME)";
				SWIFT_VERSION = 4.0;
				TARGETED_DEVICE_FAMILY = "1,2";
				TEST_HOST = "$(BUILT_PRODUCTS_DIR)/ChatApp.app/ChatApp";
			};
			name = Release;
		};
		C7BCEC331FA51C6A005B21DE /* Debug */ = {
			isa = XCBuildConfiguration;
			buildSettings = {
				ALWAYS_EMBED_SWIFT_STANDARD_LIBRARIES = YES;
				CODE_SIGN_STYLE = Automatic;
				DEVELOPMENT_TEAM = 825A6Q5Z2E;
				INFOPLIST_FILE = ChatAppUITests/Info.plist;
				LD_RUNPATH_SEARCH_PATHS = "$(inherited) @executable_path/Frameworks @loader_path/Frameworks";
				PRODUCT_BUNDLE_IDENTIFIER = "crank-llc.ChatAppUITests";
				PRODUCT_NAME = "$(TARGET_NAME)";
				SWIFT_VERSION = 4.0;
				TARGETED_DEVICE_FAMILY = "1,2";
				TEST_TARGET_NAME = ChatApp;
			};
			name = Debug;
		};
		C7BCEC341FA51C6A005B21DE /* Release */ = {
			isa = XCBuildConfiguration;
			buildSettings = {
				ALWAYS_EMBED_SWIFT_STANDARD_LIBRARIES = YES;
				CODE_SIGN_STYLE = Automatic;
				DEVELOPMENT_TEAM = 825A6Q5Z2E;
				INFOPLIST_FILE = ChatAppUITests/Info.plist;
				LD_RUNPATH_SEARCH_PATHS = "$(inherited) @executable_path/Frameworks @loader_path/Frameworks";
				PRODUCT_BUNDLE_IDENTIFIER = "crank-llc.ChatAppUITests";
				PRODUCT_NAME = "$(TARGET_NAME)";
				SWIFT_VERSION = 4.0;
				TARGETED_DEVICE_FAMILY = "1,2";
				TEST_TARGET_NAME = ChatApp;
			};
			name = Release;
		};
/* End XCBuildConfiguration section */

/* Begin XCConfigurationList section */
		C7BCEBFC1FA51C69005B21DE /* Build configuration list for PBXProject "ChatApp" */ = {
			isa = XCConfigurationList;
			buildConfigurations = (
				C7BCEC2A1FA51C6A005B21DE /* Debug */,
				C7BCEC2B1FA51C6A005B21DE /* Release */,
			);
			defaultConfigurationIsVisible = 0;
			defaultConfigurationName = Release;
		};
		C7BCEC2C1FA51C6A005B21DE /* Build configuration list for PBXNativeTarget "ChatApp" */ = {
			isa = XCConfigurationList;
			buildConfigurations = (
				C7BCEC2D1FA51C6A005B21DE /* Debug */,
				C7BCEC2E1FA51C6A005B21DE /* Release */,
			);
			defaultConfigurationIsVisible = 0;
			defaultConfigurationName = Release;
		};
		C7BCEC2F1FA51C6A005B21DE /* Build configuration list for PBXNativeTarget "ChatAppTests" */ = {
			isa = XCConfigurationList;
			buildConfigurations = (
				C7BCEC301FA51C6A005B21DE /* Debug */,
				C7BCEC311FA51C6A005B21DE /* Release */,
			);
			defaultConfigurationIsVisible = 0;
			defaultConfigurationName = Release;
		};
		C7BCEC321FA51C6A005B21DE /* Build configuration list for PBXNativeTarget "ChatAppUITests" */ = {
			isa = XCConfigurationList;
			buildConfigurations = (
				C7BCEC331FA51C6A005B21DE /* Debug */,
				C7BCEC341FA51C6A005B21DE /* Release */,
			);
			defaultConfigurationIsVisible = 0;
			defaultConfigurationName = Release;
		};
/* End XCConfigurationList section */

/* Begin XCVersionGroup section */
		C7BCEC0B1FA51C6A005B21DE /* ChatApp.xcdatamodeld */ = {
			isa = XCVersionGroup;
			children = (
				C7BCEC0C1FA51C6A005B21DE /* ChatApp.xcdatamodel */,
			);
			currentVersion = C7BCEC0C1FA51C6A005B21DE /* ChatApp.xcdatamodel */;
			path = ChatApp.xcdatamodeld;
			sourceTree = "<group>";
			versionGroupType = wrapper.xcdatamodel;
		};
/* End XCVersionGroup section */
	};
	rootObject = C7BCEBF91FA51C69005B21DE /* Project object */;
}
